
Microsoft Visual Studio Solution File, Format Version 12.00
# Visual Studio Version 17
VisualStudioVersion = 17.5.002.0
MinimumVisualStudioVersion = 10.0.40219.1
Project("{9A19103F-16F7-4668-BE54-9A1E7A4F7556}") = "AnkiAppXmlGenerator", "AnkiAppXmlGenerator.csproj", "{650B497C-9CB7-4DE3-97D6-B4F84D0E5BDA}"
EndProject
Global
	GlobalSection(SolutionConfigurationPlatforms) = preSolution
		Debug|Any CPU = Debug|Any CPU
		Release|Any CPU = Release|Any CPU
	EndGlobalSection
	GlobalSection(ProjectConfigurationPlatforms) = postSolution
		{650B497C-9CB7-4DE3-97D6-B4F84D0E5BDA}.Debug|Any CPU.ActiveCfg = Debug|Any CPU
		{650B497C-9CB7-4DE3-97D6-B4F84D0E5BDA}.Debug|Any CPU.Build.0 = Debug|Any CPU
		{650B497C-9CB7-4DE3-97D6-B4F84D0E5BDA}.Release|Any CPU.ActiveCfg = Release|Any CPU
		{650B497C-9CB7-4DE3-97D6-B4F84D0E5BDA}.Release|Any CPU.Build.0 = Release|Any CPU
	EndGlobalSection
	GlobalSection(SolutionProperties) = preSolution
		HideSolutionNode = FALSE
	EndGlobalSection
	GlobalSection(ExtensibilityGlobals) = postSolution
		SolutionGuid = {C1C88E5D-2C13-48D9-9492-220B169F4B07}
	EndGlobalSection
EndGlobal
